
Microsoft Visual Studio Solution File, Format Version 11.00
# Visual C++ Express 2010
Project("{8BC9CEB8-8B4A-11D0-8D11-00A0C91BC942}") = "CameraUtil", "CameraUtil\CameraUtil.vcxproj", "{D8B9F5FD-5D9D-4D03-8C3E-FAB9FF15A75F}"
EndProject
Project("{8BC9CEB8-8B4A-11D0-8D11-00A0C91BC942}") = "Demo", "Demo\Demo.vcxproj", "{0981D6C7-C7F1-4323-826B-0CF99E9697E1}"
EndProject
Global
	GlobalSection(SolutionConfigurationPlatforms) = preSolution
		Debug|Win32 = Debug|Win32
		Release|Win32 = Release|Win32
	EndGlobalSection
	GlobalSection(ProjectConfigurationPlatforms) = postSolution
		{D8B9F5FD-5D9D-4D03-8C3E-FAB9FF15A75F}.Debug|Win32.ActiveCfg = Debug|Win32
		{D8B9F5FD-5D9D-4D03-8C3E-FAB9FF15A75F}.Debug|Win32.Build.0 = Debug|Win32
		{D8B9F5FD-5D9D-4D03-8C3E-FAB9FF15A75F}.Release|Win32.ActiveCfg = Release|Win32
		{D8B9F5FD-5D9D-4D03-8C3E-FAB9FF15A75F}.Release|Win32.Build.0 = Release|Win32
		{0981D6C7-C7F1-4323-826B-0CF99E9697E1}.Debug|Win32.ActiveCfg = Debug|Win32
		{0981D6C7-C7F1-4323-826B-0CF99E9697E1}.Debug|Win32.Build.0 = Debug|Win32
		{0981D6C7-C7F1-4323-826B-0CF99E9697E1}.Release|Win32.ActiveCfg = Release|Win32
		{0981D6C7-C7F1-4323-826B-0CF99E9697E1}.Release|Win32.Build.0 = Release|Win32
	EndGlobalSection
	GlobalSection(SolutionProperties) = preSolution
		HideSolutionNode = FALSE
	EndGlobalSection
EndGlobal
